
Microsoft Visual Studio Solution File, Format Version 12.00
# Visual Studio Version 17
VisualStudioVersion = 17.14.36017.23
MinimumVisualStudioVersion = 10.0.40219.1
Project("{FAE04EC0-301F-11D3-BF4B-00C04F79EFBC}") = "Solv the problem", "Solv the problem\Solv the problem.csproj", "{D796D718-227F-4F3C-BD58-8CA2B40037E9}"
EndProject
Project("{FAE04EC0-301F-11D3-BF4B-00C04F79EFBC}") = "Problem4", "Problem4\Problem4.csproj", "{55968EDD-EA2C-4DD7-8044-8E43BE0AFC94}"
EndProject
Project("{FAE04EC0-301F-11D3-BF4B-00C04F79EFBC}") = "Problam1", "Problam1\Problam1.csproj", "{7392F03E-A83C-44EA-B584-BFE8FE724B4E}"
EndProject
Project("{FAE04EC0-301F-11D3-BF4B-00C04F79EFBC}") = "Heaith Potion Game", "Heaith Potion Game\Heaith Potion Game.csproj", "{5E3D6DE5-509F-4CD2-A71D-8F572F8E9B0A}"
EndProject
Project("{FAE04EC0-301F-11D3-BF4B-00C04F79EFBC}") = "Grading Bot", "Grading Bot\Grading Bot.csproj", "{1E042046-7455-4D1A-A467-FC229FF34D4A}"
EndProject
Project("{FAE04EC0-301F-11D3-BF4B-00C04F79EFBC}") = "VendingMachine", "VendingMachine\VendingMachine.csproj", "{BC5FD0A0-3862-4601-9F44-253778131FDB}"
EndProject
Global
	GlobalSection(SolutionConfigurationPlatforms) = preSolution
		Debug|Any CPU = Debug|Any CPU
		Release|Any CPU = Release|Any CPU
	EndGlobalSection
	GlobalSection(ProjectConfigurationPlatforms) = postSolution
		{D796D718-227F-4F3C-BD58-8CA2B40037E9}.Debug|Any CPU.ActiveCfg = Debug|Any CPU
		{D796D718-227F-4F3C-BD58-8CA2B40037E9}.Debug|Any CPU.Build.0 = Debug|Any CPU
		{D796D718-227F-4F3C-BD58-8CA2B40037E9}.Release|Any CPU.ActiveCfg = Release|Any CPU
		{D796D718-227F-4F3C-BD58-8CA2B40037E9}.Release|Any CPU.Build.0 = Release|Any CPU
		{55968EDD-EA2C-4DD7-8044-8E43BE0AFC94}.Debug|Any CPU.ActiveCfg = Debug|Any CPU
		{55968EDD-EA2C-4DD7-8044-8E43BE0AFC94}.Debug|Any CPU.Build.0 = Debug|Any CPU
		{55968EDD-EA2C-4DD7-8044-8E43BE0AFC94}.Release|Any CPU.ActiveCfg = Release|Any CPU
		{55968EDD-EA2C-4DD7-8044-8E43BE0AFC94}.Release|Any CPU.Build.0 = Release|Any CPU
		{7392F03E-A83C-44EA-B584-BFE8FE724B4E}.Debug|Any CPU.ActiveCfg = Debug|Any CPU
		{7392F03E-A83C-44EA-B584-BFE8FE724B4E}.Debug|Any CPU.Build.0 = Debug|Any CPU
		{7392F03E-A83C-44EA-B584-BFE8FE724B4E}.Release|Any CPU.ActiveCfg = Release|Any CPU
		{7392F03E-A83C-44EA-B584-BFE8FE724B4E}.Release|Any CPU.Build.0 = Release|Any CPU
		{5E3D6DE5-509F-4CD2-A71D-8F572F8E9B0A}.Debug|Any CPU.ActiveCfg = Debug|Any CPU
		{5E3D6DE5-509F-4CD2-A71D-8F572F8E9B0A}.Debug|Any CPU.Build.0 = Debug|Any CPU
		{5E3D6DE5-509F-4CD2-A71D-8F572F8E9B0A}.Release|Any CPU.ActiveCfg = Release|Any CPU
		{5E3D6DE5-509F-4CD2-A71D-8F572F8E9B0A}.Release|Any CPU.Build.0 = Release|Any CPU
		{1E042046-7455-4D1A-A467-FC229FF34D4A}.Debug|Any CPU.ActiveCfg = Debug|Any CPU
		{1E042046-7455-4D1A-A467-FC229FF34D4A}.Debug|Any CPU.Build.0 = Debug|Any CPU
		{1E042046-7455-4D1A-A467-FC229FF34D4A}.Release|Any CPU.ActiveCfg = Release|Any CPU
		{1E042046-7455-4D1A-A467-FC229FF34D4A}.Release|Any CPU.Build.0 = Release|Any CPU
		{BC5FD0A0-3862-4601-9F44-253778131FDB}.Debug|Any CPU.ActiveCfg = Debug|Any CPU
		{BC5FD0A0-3862-4601-9F44-253778131FDB}.Debug|Any CPU.Build.0 = Debug|Any CPU
		{BC5FD0A0-3862-4601-9F44-253778131FDB}.Release|Any CPU.ActiveCfg = Release|Any CPU
		{BC5FD0A0-3862-4601-9F44-253778131FDB}.Release|Any CPU.Build.0 = Release|Any CPU
	EndGlobalSection
	GlobalSection(SolutionProperties) = preSolution
		HideSolutionNode = FALSE
	EndGlobalSection
	GlobalSection(ExtensibilityGlobals) = postSolution
		SolutionGuid = {BD04215C-CD23-426D-B385-EFBEB2A1D9F7}
	EndGlobalSection
EndGlobal
